// !$*UTF8*$!
{
	archiveVersion = 1;
	classes = {
	};
	objectVersion = 50;
	objects = {

/* Begin PBXBuildFile section */
		2EBFEE65260A1ECA00C76770 /* Transaction.swift in Sources */ = {isa = PBXBuildFile; fileRef = 2EBFEE64260A1ECA00C76770 /* Transaction.swift */; };
		2EBFEE6E260A256D00C76770 /* BudgetList.swift in Sources */ = {isa = PBXBuildFile; fileRef = 2EBFEE6D260A256D00C76770 /* BudgetList.swift */; };
		2EC0FAB32608DBC5001B1F43 /* BudgetApp.swift in Sources */ = {isa = PBXBuildFile; fileRef = 2EC0FAB22608DBC5001B1F43 /* BudgetApp.swift */; };
		2EC0FAB52608DBC5001B1F43 /* ContentView.swift in Sources */ = {isa = PBXBuildFile; fileRef = 2EC0FAB42608DBC5001B1F43 /* ContentView.swift */; };
		2EC0FAB72608DBC7001B1F43 /* Assets.xcassets in Resources */ = {isa = PBXBuildFile; fileRef = 2EC0FAB62608DBC7001B1F43 /* Assets.xcassets */; };
		2EC0FABA2608DBC7001B1F43 /* Preview Assets.xcassets in Resources */ = {isa = PBXBuildFile; fileRef = 2EC0FAB92608DBC7001B1F43 /* Preview Assets.xcassets */; };
		2EC0FAC52608DBC8001B1F43 /* BudgetTests.swift in Sources */ = {isa = PBXBuildFile; fileRef = 2EC0FAC42608DBC8001B1F43 /* BudgetTests.swift */; };
		2EC0FAD02608DBC8001B1F43 /* BudgetUITests.swift in Sources */ = {isa = PBXBuildFile; fileRef = 2EC0FACF2608DBC8001B1F43 /* BudgetUITests.swift */; };
		2EC0FAE22608DC5C001B1F43 /* BudgetRow.swift in Sources */ = {isa = PBXBuildFile; fileRef = 2EC0FAE12608DC5C001B1F43 /* BudgetRow.swift */; };
/* End PBXBuildFile section */

/* Begin PBXContainerItemProxy section */
		2EC0FAC12608DBC8001B1F43 /* PBXContainerItemProxy */ = {
			isa = PBXContainerItemProxy;
			containerPortal = 2EC0FAA72608DBC5001B1F43 /* Project object */;
			proxyType = 1;
			remoteGlobalIDString = 2EC0FAAE2608DBC5001B1F43;
			remoteInfo = Budget;
		};
		2EC0FACC2608DBC8001B1F43 /* PBXContainerItemProxy */ = {
			isa = PBXContainerItemProxy;
			containerPortal = 2EC0FAA72608DBC5001B1F43 /* Project object */;
			proxyType = 1;
			remoteGlobalIDString = 2EC0FAAE2608DBC5001B1F43;
			remoteInfo = Budget;
		};
/* End PBXContainerItemProxy section */

/* Begin PBXFileReference section */
		2EBFEE64260A1ECA00C76770 /* Transaction.swift */ = {isa = PBXFileReference; lastKnownFileType = sourcecode.swift; path = Transaction.swift; sourceTree = "<group>"; };
		2EBFEE6D260A256D00C76770 /* BudgetList.swift */ = {isa = PBXFileReference; lastKnownFileType = sourcecode.swift; path = BudgetList.swift; sourceTree = "<group>"; };
		2EC0FAAF2608DBC5001B1F43 /* Budget.app */ = {isa = PBXFileReference; explicitFileType = wrapper.application; includeInIndex = 0; path = Budget.app; sourceTree = BUILT_PRODUCTS_DIR; };
		2EC0FAB22608DBC5001B1F43 /* BudgetApp.swift */ = {isa = PBXFileReference; lastKnownFileType = sourcecode.swift; path = BudgetApp.swift; sourceTree = "<group>"; };
		2EC0FAB42608DBC5001B1F43 /* ContentView.swift */ = {isa = PBXFileReference; lastKnownFileType = sourcecode.swift; path = ContentView.swift; sourceTree = "<group>"; };
		2EC0FAB62608DBC7001B1F43 /* Assets.xcassets */ = {isa = PBXFileReference; lastKnownFileType = folder.assetcatalog; path = Assets.xcassets; sourceTree = "<group>"; };
		2EC0FAB92608DBC7001B1F43 /* Preview Assets.xcassets */ = {isa = PBXFileReference; lastKnownFileType = folder.assetcatalog; path = "Preview Assets.xcassets"; sourceTree = "<group>"; };
		2EC0FABB2608DBC7001B1F43 /* Info.plist */ = {isa = PBXFileReference; lastKnownFileType = text.plist.xml; path = Info.plist; sourceTree = "<group>"; };
		2EC0FAC02608DBC8001B1F43 /* BudgetTests.xctest */ = {isa = PBXFileReference; explicitFileType = wrapper.cfbundle; includeInIndex = 0; path = BudgetTests.xctest; sourceTree = BUILT_PRODUCTS_DIR; };
		2EC0FAC42608DBC8001B1F43 /* BudgetTests.swift */ = {isa = PBXFileReference; lastKnownFileType = sourcecode.swift; path = BudgetTests.swift; sourceTree = "<group>"; };
		2EC0FAC62608DBC8001B1F43 /* Info.plist */ = {isa = PBXFileReference; lastKnownFileType = text.plist.xml; path = Info.plist; sourceTree = "<group>"; };
		2EC0FACB2608DBC8001B1F43 /* BudgetUITests.xctest */ = {isa = PBXFileReference; explicitFileType = wrapper.cfbundle; includeInIndex = 0; path = BudgetUITests.xctest; sourceTree = BUILT_PRODUCTS_DIR; };
		2EC0FACF2608DBC8001B1F43 /* BudgetUITests.swift */ = {isa = PBXFileReference; lastKnownFileType = sourcecode.swift; path = BudgetUITests.swift; sourceTree = "<group>"; };
		2EC0FAD12608DBC8001B1F43 /* Info.plist */ = {isa = PBXFileReference; lastKnownFileType = text.plist.xml; path = Info.plist; sourceTree = "<group>"; };
		2EC0FAE12608DC5C001B1F43 /* BudgetRow.swift */ = {isa = PBXFileReference; lastKnownFileType = sourcecode.swift; path = BudgetRow.swift; sourceTree = "<group>"; };
/* End PBXFileReference section */

/* Begin PBXFrameworksBuildPhase section */
		2EC0FAAC2608DBC5001B1F43 /* Frameworks */ = {
			isa = PBXFrameworksBuildPhase;
			buildActionMask = 2147483647;
			files = (
			);
			runOnlyForDeploymentPostprocessing = 0;
		};
		2EC0FABD2608DBC8001B1F43 /* Frameworks */ = {
			isa = PBXFrameworksBuildPhase;
			buildActionMask = 2147483647;
			files = (
			);
			runOnlyForDeploymentPostprocessing = 0;
		};
		2EC0FAC82608DBC8001B1F43 /* Frameworks */ = {
			isa = PBXFrameworksBuildPhase;
			buildActionMask = 2147483647;
			files = (
			);
			runOnlyForDeploymentPostprocessing = 0;
		};
/* End PBXFrameworksBuildPhase section */

/* Begin PBXGroup section */
		2EBFEE63260A1E9E00C76770 /* Model */ = {
			isa = PBXGroup;
			children = (
				2EBFEE64260A1ECA00C76770 /* Transaction.swift */,
			);
			path = Model;
			sourceTree = "<group>";
		};
		2EC0FAA62608DBC5001B1F43 = {
			isa = PBXGroup;
			children = (
				2EC0FAB12608DBC5001B1F43 /* Budget */,
				2EC0FAC32608DBC8001B1F43 /* BudgetTests */,
				2EC0FACE2608DBC8001B1F43 /* BudgetUITests */,
				2EC0FAB02608DBC5001B1F43 /* Products */,
			);
			sourceTree = "<group>";
		};
		2EC0FAB02608DBC5001B1F43 /* Products */ = {
			isa = PBXGroup;
			children = (
				2EC0FAAF2608DBC5001B1F43 /* Budget.app */,
				2EC0FAC02608DBC8001B1F43 /* BudgetTests.xctest */,
				2EC0FACB2608DBC8001B1F43 /* BudgetUITests.xctest */,
			);
			name = Products;
			sourceTree = "<group>";
		};
		2EC0FAB12608DBC5001B1F43 /* Budget */ = {
			isa = PBXGroup;
			children = (
				2EBFEE63260A1E9E00C76770 /* Model */,
				2EC0FAE02608DC42001B1F43 /* Views */,
				2EC0FAB22608DBC5001B1F43 /* BudgetApp.swift */,
				2EC0FAB42608DBC5001B1F43 /* ContentView.swift */,
				2EC0FAB62608DBC7001B1F43 /* Assets.xcassets */,
				2EC0FABB2608DBC7001B1F43 /* Info.plist */,
				2EC0FAB82608DBC7001B1F43 /* Preview Content */,
			);
			path = Budget;
			sourceTree = "<group>";
		};
		2EC0FAB82608DBC7001B1F43 /* Preview Content */ = {
			isa = PBXGroup;
			children = (
				2EC0FAB92608DBC7001B1F43 /* Preview Assets.xcassets */,
			);
			path = "Preview Content";
			sourceTree = "<group>";
		};
		2EC0FAC32608DBC8001B1F43 /* BudgetTests */ = {
			isa = PBXGroup;
			children = (
				2EC0FAC42608DBC8001B1F43 /* BudgetTests.swift */,
				2EC0FAC62608DBC8001B1F43 /* Info.plist */,
			);
			path = BudgetTests;
			sourceTree = "<group>";
		};
		2EC0FACE2608DBC8001B1F43 /* BudgetUITests */ = {
			isa = PBXGroup;
			children = (
				2EC0FACF2608DBC8001B1F43 /* BudgetUITests.swift */,
				2EC0FAD12608DBC8001B1F43 /* Info.plist */,
			);
			path = BudgetUITests;
			sourceTree = "<group>";
		};
		2EC0FAE02608DC42001B1F43 /* Views */ = {
			isa = PBXGroup;
			children = (
				2EC0FAE12608DC5C001B1F43 /* BudgetRow.swift */,
				2EBFEE6D260A256D00C76770 /* BudgetList.swift */,
			);
			path = Views;
			sourceTree = "<group>";
		};
/* End PBXGroup section */

/* Begin PBXNativeTarget section */
		2EC0FAAE2608DBC5001B1F43 /* Budget */ = {
			isa = PBXNativeTarget;
			buildConfigurationList = 2EC0FAD42608DBC8001B1F43 /* Build configuration list for PBXNativeTarget "Budget" */;
			buildPhases = (
				2EC0FAAB2608DBC5001B1F43 /* Sources */,
				2EC0FAAC2608DBC5001B1F43 /* Frameworks */,
				2EC0FAAD2608DBC5001B1F43 /* Resources */,
			);
			buildRules = (
			);
			dependencies = (
			);
			name = Budget;
			productName = Budget;
			productReference = 2EC0FAAF2608DBC5001B1F43 /* Budget.app */;
			productType = "com.apple.product-type.application";
		};
		2EC0FABF2608DBC8001B1F43 /* BudgetTests */ = {
			isa = PBXNativeTarget;
			buildConfigurationList = 2EC0FAD72608DBC8001B1F43 /* Build configuration list for PBXNativeTarget "BudgetTests" */;
			buildPhases = (
				2EC0FABC2608DBC8001B1F43 /* Sources */,
				2EC0FABD2608DBC8001B1F43 /* Frameworks */,
				2EC0FABE2608DBC8001B1F43 /* Resources */,
			);
			buildRules = (
			);
			dependencies = (
				2EC0FAC22608DBC8001B1F43 /* PBXTargetDependency */,
			);
			name = BudgetTests;
			productName = BudgetTests;
			productReference = 2EC0FAC02608DBC8001B1F43 /* BudgetTests.xctest */;
			productType = "com.apple.product-type.bundle.unit-test";
		};
		2EC0FACA2608DBC8001B1F43 /* BudgetUITests */ = {
			isa = PBXNativeTarget;
			buildConfigurationList = 2EC0FADA2608DBC8001B1F43 /* Build configuration list for PBXNativeTarget "BudgetUITests" */;
			buildPhases = (
				2EC0FAC72608DBC8001B1F43 /* Sources */,
				2EC0FAC82608DBC8001B1F43 /* Frameworks */,
				2EC0FAC92608DBC8001B1F43 /* Resources */,
			);
			buildRules = (
			);
			dependencies = (
				2EC0FACD2608DBC8001B1F43 /* PBXTargetDependency */,
			);
			name = BudgetUITests;
			productName = BudgetUITests;
			productReference = 2EC0FACB2608DBC8001B1F43 /* BudgetUITests.xctest */;
			productType = "com.apple.product-type.bundle.ui-testing";
		};
/* End PBXNativeTarget section */

/* Begin PBXProject section */
		2EC0FAA72608DBC5001B1F43 /* Project object */ = {
			isa = PBXProject;
			attributes = {
				LastSwiftUpdateCheck = 1220;
				LastUpgradeCheck = 1220;
				TargetAttributes = {
					2EC0FAAE2608DBC5001B1F43 = {
						CreatedOnToolsVersion = 12.2;
					};
					2EC0FABF2608DBC8001B1F43 = {
						CreatedOnToolsVersion = 12.2;
						TestTargetID = 2EC0FAAE2608DBC5001B1F43;
					};
					2EC0FACA2608DBC8001B1F43 = {
						CreatedOnToolsVersion = 12.2;
						TestTargetID = 2EC0FAAE2608DBC5001B1F43;
					};
				};
			};
			buildConfigurationList = 2EC0FAAA2608DBC5001B1F43 /* Build configuration list for PBXProject "Budget" */;
			compatibilityVersion = "Xcode 9.3";
			developmentRegion = en;
			hasScannedForEncodings = 0;
			knownRegions = (
				en,
				Base,
			);
			mainGroup = 2EC0FAA62608DBC5001B1F43;
			productRefGroup = 2EC0FAB02608DBC5001B1F43 /* Products */;
			projectDirPath = "";
			projectRoot = "";
			targets = (
				2EC0FAAE2608DBC5001B1F43 /* Budget */,
				2EC0FABF2608DBC8001B1F43 /* BudgetTests */,
				2EC0FACA2608DBC8001B1F43 /* BudgetUITests */,
			);
		};
/* End PBXProject section */

/* Begin PBXResourcesBuildPhase section */
		2EC0FAAD2608DBC5001B1F43 /* Resources */ = {
			isa = PBXResourcesBuildPhase;
			buildActionMask = 2147483647;
			files = (
				2EC0FABA2608DBC7001B1F43 /* Preview Assets.xcassets in Resources */,
				2EC0FAB72608DBC7001B1F43 /* Assets.xcassets in Resources */,
			);
			runOnlyForDeploymentPostprocessing = 0;
		};
		2EC0FABE2608DBC8001B1F43 /* Resources */ = {
			isa = PBXResourcesBuildPhase;
			buildActionMask = 2147483647;
			files = (
			);
			runOnlyForDeploymentPostprocessing = 0;
		};
		2EC0FAC92608DBC8001B1F43 /* Resources */ = {
			isa = PBXResourcesBuildPhase;
			buildActionMask = 2147483647;
			files = (
			);
			runOnlyForDeploymentPostprocessing = 0;
		};
/* End PBXResourcesBuildPhase section */

/* Begin PBXSourcesBuildPhase section */
		2EC0FAAB2608DBC5001B1F43 /* Sources */ = {
			isa = PBXSourcesBuildPhase;
			buildActionMask = 2147483647;
			files = (
				2EC0FAB52608DBC5001B1F43 /* ContentView.swift in Sources */,
				2EC0FAE22608DC5C001B1F43 /* BudgetRow.swift in Sources */,
				2EBFEE6E260A256D00C76770 /* BudgetList.swift in Sources */,
				2EBFEE65260A1ECA00C76770 /* Transaction.swift in Sources */,
				2EC0FAB32608DBC5001B1F43 /* BudgetApp.swift in Sources */,
			);
			runOnlyForDeploymentPostprocessing = 0;
		};
		2EC0FABC2608DBC8001B1F43 /* Sources */ = {
			isa = PBXSourcesBuildPhase;
			buildActionMask = 2147483647;
			files = (
				2EC0FAC52608DBC8001B1F43 /* BudgetTests.swift in Sources */,
			);
			runOnlyForDeploymentPostprocessing = 0;
		};
		2EC0FAC72608DBC8001B1F43 /* Sources */ = {
			isa = PBXSourcesBuildPhase;
			buildActionMask = 2147483647;
			files = (
				2EC0FAD02608DBC8001B1F43 /* BudgetUITests.swift in Sources */,
			);
			runOnlyForDeploymentPostprocessing = 0;
		};
/* End PBXSourcesBuildPhase section */

/* Begin PBXTargetDependency section */
		2EC0FAC22608DBC8001B1F43 /* PBXTargetDependency */ = {
			isa = PBXTargetDependency;
			target = 2EC0FAAE2608DBC5001B1F43 /* Budget */;
			targetProxy = 2EC0FAC12608DBC8001B1F43 /* PBXContainerItemProxy */;
		};
		2EC0FACD2608DBC8001B1F43 /* PBXTargetDependency */ = {
			isa = PBXTargetDependency;
			target = 2EC0FAAE2608DBC5001B1F43 /* Budget */;
			targetProxy = 2EC0FACC2608DBC8001B1F43 /* PBXContainerItemProxy */;
		};
/* End PBXTargetDependency section */

/* Begin XCBuildConfiguration section */
		2EC0FAD22608DBC8001B1F43 /* Debug */ = {
			isa = XCBuildConfiguration;
			buildSettings = {
				ALWAYS_SEARCH_USER_PATHS = NO;
				CLANG_ANALYZER_NONNULL = YES;
				CLANG_ANALYZER_NUMBER_OBJECT_CONVERSION = YES_AGGRESSIVE;
				CLANG_CXX_LANGUAGE_STANDARD = "gnu++14";
				CLANG_CXX_LIBRARY = "libc++";
				CLANG_ENABLE_MODULES = YES;
				CLANG_ENABLE_OBJC_ARC = YES;
				CLANG_ENABLE_OBJC_WEAK = YES;
				CLANG_WARN_BLOCK_CAPTURE_AUTORELEASING = YES;
				CLANG_WARN_BOOL_CONVERSION = YES;
				CLANG_WARN_COMMA = YES;
				CLANG_WARN_CONSTANT_CONVERSION = YES;
				CLANG_WARN_DEPRECATED_OBJC_IMPLEMENTATIONS = YES;
				CLANG_WARN_DIRECT_OBJC_ISA_USAGE = YES_ERROR;
				CLANG_WARN_DOCUMENTATION_COMMENTS = YES;
				CLANG_WARN_EMPTY_BODY = YES;
				CLANG_WARN_ENUM_CONVERSION = YES;
				CLANG_WARN_INFINITE_RECURSION = YES;
				CLANG_WARN_INT_CONVERSION = YES;
				CLANG_WARN_NON_LITERAL_NULL_CONVERSION = YES;
				CLANG_WARN_OBJC_IMPLICIT_RETAIN_SELF = YES;
				CLANG_WARN_OBJC_LITERAL_CONVERSION = YES;
				CLANG_WARN_OBJC_ROOT_CLASS = YES_ERROR;
				CLANG_WARN_QUOTED_INCLUDE_IN_FRAMEWORK_HEADER = YES;
				CLANG_WARN_RANGE_LOOP_ANALYSIS = YES;
				CLANG_WARN_STRICT_PROTOTYPES = YES;
				CLANG_WARN_SUSPICIOUS_MOVE = YES;
				CLANG_WARN_UNGUARDED_AVAILABILITY = YES_AGGRESSIVE;
				CLANG_WARN_UNREACHABLE_CODE = YES;
				CLANG_WARN__DUPLICATE_METHOD_MATCH = YES;
				COPY_PHASE_STRIP = NO;
				DEBUG_INFORMATION_FORMAT = dwarf;
				ENABLE_STRICT_OBJC_MSGSEND = YES;
				ENABLE_TESTABILITY = YES;
				GCC_C_LANGUAGE_STANDARD = gnu11;
				GCC_DYNAMIC_NO_PIC = NO;
				GCC_NO_COMMON_BLOCKS = YES;
				GCC_OPTIMIZATION_LEVEL = 0;
				GCC_PREPROCESSOR_DEFINITIONS = (
					"DEBUG=1",
					"$(inherited)",
				);
				GCC_WARN_64_TO_32_BIT_CONVERSION = YES;
				GCC_WARN_ABOUT_RETURN_TYPE = YES_ERROR;
				GCC_WARN_UNDECLARED_SELECTOR = YES;
				GCC_WARN_UNINITIALIZED_AUTOS = YES_AGGRESSIVE;
				GCC_WARN_UNUSED_FUNCTION = YES;
				GCC_WARN_UNUSED_VARIABLE = YES;
				IPHONEOS_DEPLOYMENT_TARGET = 14.2;
				MTL_ENABLE_DEBUG_INFO = INCLUDE_SOURCE;
				MTL_FAST_MATH = YES;
				ONLY_ACTIVE_ARCH = YES;
				SDKROOT = iphoneos;
				SWIFT_ACTIVE_COMPILATION_CONDITIONS = DEBUG;
				SWIFT_OPTIMIZATION_LEVEL = "-Onone";
			};
			name = Debug;
		};
		2EC0FAD32608DBC8001B1F43 /* Release */ = {
			isa = XCBuildConfiguration;
			buildSettings = {
				ALWAYS_SEARCH_USER_PATHS = NO;
				CLANG_ANALYZER_NONNULL = YES;
				CLANG_ANALYZER_NUMBER_OBJECT_CONVERSION = YES_AGGRESSIVE;
				CLANG_CXX_LANGUAGE_STANDARD = "gnu++14";
				CLANG_CXX_LIBRARY = "libc++";
				CLANG_ENABLE_MODULES = YES;
				CLANG_ENABLE_OBJC_ARC = YES;
				CLANG_ENABLE_OBJC_WEAK = YES;
				CLANG_WARN_BLOCK_CAPTURE_AUTORELEASING = YES;
				CLANG_WARN_BOOL_CONVERSION = YES;
				CLANG_WARN_COMMA = YES;
				CLANG_WARN_CONSTANT_CONVERSION = YES;
				CLANG_WARN_DEPRECATED_OBJC_IMPLEMENTATIONS = YES;
				CLANG_WARN_DIRECT_OBJC_ISA_USAGE = YES_ERROR;
				CLANG_WARN_DOCUMENTATION_COMMENTS = YES;
				CLANG_WARN_EMPTY_BODY = YES;
				CLANG_WARN_ENUM_CONVERSION = YES;
				CLANG_WARN_INFINITE_RECURSION = YES;
				CLANG_WARN_INT_CONVERSION = YES;
				CLANG_WARN_NON_LITERAL_NULL_CONVERSION = YES;
				CLANG_WARN_OBJC_IMPLICIT_RETAIN_SELF = YES;
				CLANG_WARN_OBJC_LITERAL_CONVERSION = YES;
				CLANG_WARN_OBJC_ROOT_CLASS = YES_ERROR;
				CLANG_WARN_QUOTED_INCLUDE_IN_FRAMEWORK_HEADER = YES;
				CLANG_WARN_RANGE_LOOP_ANALYSIS = YES;
				CLANG_WARN_STRICT_PROTOTYPES = YES;
				CLANG_WARN_SUSPICIOUS_MOVE = YES;
				CLANG_WARN_UNGUARDED_AVAILABILITY = YES_AGGRESSIVE;
				CLANG_WARN_UNREACHABLE_CODE = YES;
				CLANG_WARN__DUPLICATE_METHOD_MATCH = YES;
				COPY_PHASE_STRIP = NO;
				DEBUG_INFORMATION_FORMAT = "dwarf-with-dsym";
				ENABLE_NS_ASSERTIONS = NO;
				ENABLE_STRICT_OBJC_MSGSEND = YES;
				GCC_C_LANGUAGE_STANDARD = gnu11;
				GCC_NO_COMMON_BLOCKS = YES;
				GCC_WARN_64_TO_32_BIT_CONVERSION = YES;
				GCC_WARN_ABOUT_RETURN_TYPE = YES_ERROR;
				GCC_WARN_UNDECLARED_SELECTOR = YES;
				GCC_WARN_UNINITIALIZED_AUTOS = YES_AGGRESSIVE;
				GCC_WARN_UNUSED_FUNCTION = YES;
				GCC_WARN_UNUSED_VARIABLE = YES;
				IPHONEOS_DEPLOYMENT_TARGET = 14.2;
				MTL_ENABLE_DEBUG_INFO = NO;
				MTL_FAST_MATH = YES;
				SDKROOT = iphoneos;
				SWIFT_COMPILATION_MODE = wholemodule;
				SWIFT_OPTIMIZATION_LEVEL = "-O";
				VALIDATE_PRODUCT = YES;
			};
			name = Release;
		};
		2EC0FAD52608DBC8001B1F43 /* Debug */ = {
			isa = XCBuildConfiguration;
			buildSettings = {
				ASSETCATALOG_COMPILER_APPICON_NAME = AppIcon;
				ASSETCATALOG_COMPILER_GLOBAL_ACCENT_COLOR_NAME = AccentColor;
				CODE_SIGN_STYLE = Automatic;
				DEVELOPMENT_ASSET_PATHS = "\"Budget/Preview Content\"";
				DEVELOPMENT_TEAM = 6K9Z395B8F;
				ENABLE_PREVIEWS = YES;
				INFOPLIST_FILE = Budget/Info.plist;
				IPHONEOS_DEPLOYMENT_TARGET = 14.0;
				LD_RUNPATH_SEARCH_PATHS = (
					"$(inherited)",
					"@executable_path/Frameworks",
				);
				PRODUCT_BUNDLE_IDENTIFIER = com.weifan.Budget;
				PRODUCT_NAME = "$(TARGET_NAME)";
				SWIFT_VERSION = 5.0;
				TARGETED_DEVICE_FAMILY = "1,2";
			};
			name = Debug;
		};
		2EC0FAD62608DBC8001B1F43 /* Release */ = {
			isa = XCBuildConfiguration;
			buildSettings = {
				ASSETCATALOG_COMPILER_APPICON_NAME = AppIcon;
				ASSETCATALOG_COMPILER_GLOBAL_ACCENT_COLOR_NAME = AccentColor;
				CODE_SIGN_STYLE = Automatic;
				DEVELOPMENT_ASSET_PATHS = "\"Budget/Preview Content\"";
				DEVELOPMENT_TEAM = 6K9Z395B8F;
				ENABLE_PREVIEWS = YES;
				INFOPLIST_FILE = Budget/Info.plist;
				IPHONEOS_DEPLOYMENT_TARGET = 14.0;
				LD_RUNPATH_SEARCH_PATHS = (
					"$(inherited)",
					"@executable_path/Frameworks",
				);
				PRODUCT_BUNDLE_IDENTIFIER = com.weifan.Budget;
				PRODUCT_NAME = "$(TARGET_NAME)";
				SWIFT_VERSION = 5.0;
				TARGETED_DEVICE_FAMILY = "1,2";
			};
			name = Release;
		};
		2EC0FAD82608DBC8001B1F43 /* Debug */ = {
			isa = XCBuildConfiguration;
			buildSettings = {
				ALWAYS_EMBED_SWIFT_STANDARD_LIBRARIES = YES;
				BUNDLE_LOADER = "$(TEST_HOST)";
				CODE_SIGN_STYLE = Automatic;
				DEVELOPMENT_TEAM = 6K9Z395B8F;
				INFOPLIST_FILE = BudgetTests/Info.plist;
				IPHONEOS_DEPLOYMENT_TARGET = 14.0;
				LD_RUNPATH_SEARCH_PATHS = (
					"$(inherited)",
					"@executable_path/Frameworks",
					"@loader_path/Frameworks",
				);
				PRODUCT_BUNDLE_IDENTIFIER = com.weifan.BudgetTests;
				PRODUCT_NAME = "$(TARGET_NAME)";
				SWIFT_VERSION = 5.0;
				TARGETED_DEVICE_FAMILY = "1,2";
				TEST_HOST = "$(BUILT_PRODUCTS_DIR)/Budget.app/Budget";
			};
			name = Debug;
		};
		2EC0FAD92608DBC8001B1F43 /* Release */ = {
			isa = XCBuildConfiguration;
			buildSettings = {
				ALWAYS_EMBED_SWIFT_STANDARD_LIBRARIES = YES;
				BUNDLE_LOADER = "$(TEST_HOST)";
				CODE_SIGN_STYLE = Automatic;
				DEVELOPMENT_TEAM = 6K9Z395B8F;
				INFOPLIST_FILE = BudgetTests/Info.plist;
				IPHONEOS_DEPLOYMENT_TARGET = 14.0;
				LD_RUNPATH_SEARCH_PATHS = (
					"$(inherited)",
					"@executable_path/Frameworks",
					"@loader_path/Frameworks",
				);
				PRODUCT_BUNDLE_IDENTIFIER = com.weifan.BudgetTests;
				PRODUCT_NAME = "$(TARGET_NAME)";
				SWIFT_VERSION = 5.0;
				TARGETED_DEVICE_FAMILY = "1,2";
				TEST_HOST = "$(BUILT_PRODUCTS_DIR)/Budget.app/Budget";
			};
			name = Release;
		};
		2EC0FADB2608DBC8001B1F43 /* Debug */ = {
			isa = XCBuildConfiguration;
			buildSettings = {
				ALWAYS_EMBED_SWIFT_STANDARD_LIBRARIES = YES;
				CODE_SIGN_STYLE = Automatic;
				DEVELOPMENT_TEAM = 6K9Z395B8F;
				INFOPLIST_FILE = BudgetUITests/Info.plist;
				LD_RUNPATH_SEARCH_PATHS = (
					"$(inherited)",
					"@executable_path/Frameworks",
					"@loader_path/Frameworks",
				);
				PRODUCT_BUNDLE_IDENTIFIER = com.weifan.BudgetUITests;
				PRODUCT_NAME = "$(TARGET_NAME)";
				SWIFT_VERSION = 5.0;
				TARGETED_DEVICE_FAMILY = "1,2";
				TEST_TARGET_NAME = Budget;
			};
			name = Debug;
		};
		2EC0FADC2608DBC8001B1F43 /* Release */ = {
			isa = XCBuildConfiguration;
			buildSettings = {
				ALWAYS_EMBED_SWIFT_STANDARD_LIBRARIES = YES;
				CODE_SIGN_STYLE = Automatic;
				DEVELOPMENT_TEAM = 6K9Z395B8F;
				INFOPLIST_FILE = BudgetUITests/Info.plist;
				LD_RUNPATH_SEARCH_PATHS = (
					"$(inherited)",
					"@executable_path/Frameworks",
					"@loader_path/Frameworks",
				);
				PRODUCT_BUNDLE_IDENTIFIER = com.weifan.BudgetUITests;
				PRODUCT_NAME = "$(TARGET_NAME)";
				SWIFT_VERSION = 5.0;
				TARGETED_DEVICE_FAMILY = "1,2";
				TEST_TARGET_NAME = Budget;
			};
			name = Release;
		};
/* End XCBuildConfiguration section */

/* Begin XCConfigurationList section */
		2EC0FAAA2608DBC5001B1F43 /* Build configuration list for PBXProject "Budget" */ = {
			isa = XCConfigurationList;
			buildConfigurations = (
				2EC0FAD22608DBC8001B1F43 /* Debug */,
				2EC0FAD32608DBC8001B1F43 /* Release */,
			);
			defaultConfigurationIsVisible = 0;
			defaultConfigurationName = Release;
		};
		2EC0FAD42608DBC8001B1F43 /* Build configuration list for PBXNativeTarget "Budget" */ = {
			isa = XCConfigurationList;
			buildConfigurations = (
				2EC0FAD52608DBC8001B1F43 /* Debug */,
				2EC0FAD62608DBC8001B1F43 /* Release */,
			);
			defaultConfigurationIsVisible = 0;
			defaultConfigurationName = Release;
		};
		2EC0FAD72608DBC8001B1F43 /* Build configuration list for PBXNativeTarget "BudgetTests" */ = {
			isa = XCConfigurationList;
			buildConfigurations = (
				2EC0FAD82608DBC8001B1F43 /* Debug */,
				2EC0FAD92608DBC8001B1F43 /* Release */,
			);
			defaultConfigurationIsVisible = 0;
			defaultConfigurationName = Release;
		};
		2EC0FADA2608DBC8001B1F43 /* Build configuration list for PBXNativeTarget "BudgetUITests" */ = {
			isa = XCConfigurationList;
			buildConfigurations = (
				2EC0FADB2608DBC8001B1F43 /* Debug */,
				2EC0FADC2608DBC8001B1F43 /* Release */,
			);
			defaultConfigurationIsVisible = 0;
			defaultConfigurationName = Release;
		};
/* End XCConfigurationList section */
	};
	rootObject = 2EC0FAA72608DBC5001B1F43 /* Project object */;
}
